
Microsoft Visual Studio Solution File, Format Version 12.00
# Visual Studio 15
VisualStudioVersion = 15.0.28307.421
MinimumVisualStudioVersion = 10.0.40219.1
Project("{FAE04EC0-301F-11D3-BF4B-00C04F79EFBC}") = "pjConexion2", "pjConexion2\pjConexion2.csproj", "{15B45C0F-CD18-4A7A-8E9F-A36074A612B4}"
EndProject
Global
	GlobalSection(SolutionConfigurationPlatforms) = preSolution
		Debug|Any CPU = Debug|Any CPU
		Release|Any CPU = Release|Any CPU
	EndGlobalSection
	GlobalSection(ProjectConfigurationPlatforms) = postSolution
		{15B45C0F-CD18-4A7A-8E9F-A36074A612B4}.Debug|Any CPU.ActiveCfg = Debug|Any CPU
		{15B45C0F-CD18-4A7A-8E9F-A36074A612B4}.Debug|Any CPU.Build.0 = Debug|Any CPU
		{15B45C0F-CD18-4A7A-8E9F-A36074A612B4}.Release|Any CPU.ActiveCfg = Release|Any CPU
		{15B45C0F-CD18-4A7A-8E9F-A36074A612B4}.Release|Any CPU.Build.0 = Release|Any CPU
	EndGlobalSection
	GlobalSection(SolutionProperties) = preSolution
		HideSolutionNode = FALSE
	EndGlobalSection
	GlobalSection(ExtensibilityGlobals) = postSolution
		SolutionGuid = {00FBA9B7-C850-42E1-981A-8011275749E3}
	EndGlobalSection
EndGlobal
