
Microsoft Visual Studio Solution File, Format Version 12.00
# Visual Studio 15
VisualStudioVersion = 15.0.28307.421
MinimumVisualStudioVersion = 10.0.40219.1
Project("{FAE04EC0-301F-11D3-BF4B-00C04F79EFBC}") = "Laboratorio1", "Laboratorio1\Laboratorio1.csproj", "{094284C4-83BF-4A44-BB0A-129E345D91F1}"
EndProject
Global
	GlobalSection(SolutionConfigurationPlatforms) = preSolution
		Debug|Any CPU = Debug|Any CPU
		Release|Any CPU = Release|Any CPU
	EndGlobalSection
	GlobalSection(ProjectConfigurationPlatforms) = postSolution
		{094284C4-83BF-4A44-BB0A-129E345D91F1}.Debug|Any CPU.ActiveCfg = Debug|Any CPU
		{094284C4-83BF-4A44-BB0A-129E345D91F1}.Debug|Any CPU.Build.0 = Debug|Any CPU
		{094284C4-83BF-4A44-BB0A-129E345D91F1}.Release|Any CPU.ActiveCfg = Release|Any CPU
		{094284C4-83BF-4A44-BB0A-129E345D91F1}.Release|Any CPU.Build.0 = Release|Any CPU
	EndGlobalSection
	GlobalSection(SolutionProperties) = preSolution
		HideSolutionNode = FALSE
	EndGlobalSection
	GlobalSection(ExtensibilityGlobals) = postSolution
		SolutionGuid = {54F2F4E0-63F3-44B1-9ED1-570D42E40B4B}
	EndGlobalSection
EndGlobal
